
Microsoft Visual Studio Solution File, Format Version 12.00
# Visual Studio Version 16
VisualStudioVersion = 16.0.30320.27
MinimumVisualStudioVersion = 10.0.40219.1
Project("{FAE04EC0-301F-11D3-BF4B-00C04F79EFBC}") = "VehicleParkingFee", "VehicleParkingFee\VehicleParkingFee.csproj", "{14984997-7A3D-4133-9749-506931D85EAC}"
EndProject
Global
	GlobalSection(SolutionConfigurationPlatforms) = preSolution
		Debug|Any CPU = Debug|Any CPU
		Release|Any CPU = Release|Any CPU
	EndGlobalSection
	GlobalSection(ProjectConfigurationPlatforms) = postSolution
		{14984997-7A3D-4133-9749-506931D85EAC}.Debug|Any CPU.ActiveCfg = Debug|Any CPU
		{14984997-7A3D-4133-9749-506931D85EAC}.Debug|Any CPU.Build.0 = Debug|Any CPU
		{14984997-7A3D-4133-9749-506931D85EAC}.Release|Any CPU.ActiveCfg = Release|Any CPU
		{14984997-7A3D-4133-9749-506931D85EAC}.Release|Any CPU.Build.0 = Release|Any CPU
	EndGlobalSection
	GlobalSection(SolutionProperties) = preSolution
		HideSolutionNode = FALSE
	EndGlobalSection
	GlobalSection(ExtensibilityGlobals) = postSolution
		SolutionGuid = {1420398B-22C8-42C6-9914-0172ECF8875E}
	EndGlobalSection
EndGlobal
